// !$*UTF8*$!
{
	archiveVersion = 1;
	classes = {
	};
	objectVersion = 50;
	objects = {

/* Begin PBXBuildFile section */
		E9849D262229504D001A3D78 /* CountyPresenterProtocol.swift in Sources */ = {isa = PBXBuildFile; fileRef = E9849D252229504D001A3D78 /* CountyPresenterProtocol.swift */; };
		E9BC0DFC223A9400005EBB86 /* CountyViewProtocol.swift in Sources */ = {isa = PBXBuildFile; fileRef = E9BC0DFB223A93FF005EBB86 /* CountyViewProtocol.swift */; };
		E9C76C752227BFB000170FD7 /* AppDelegate.swift in Sources */ = {isa = PBXBuildFile; fileRef = E9C76C742227BFB000170FD7 /* AppDelegate.swift */; };
		E9C76C7A2227BFB000170FD7 /* Main.storyboard in Resources */ = {isa = PBXBuildFile; fileRef = E9C76C782227BFB000170FD7 /* Main.storyboard */; };
		E9C76C7C2227BFB200170FD7 /* Assets.xcassets in Resources */ = {isa = PBXBuildFile; fileRef = E9C76C7B2227BFB200170FD7 /* Assets.xcassets */; };
		E9C76C7F2227BFB200170FD7 /* LaunchScreen.storyboard in Resources */ = {isa = PBXBuildFile; fileRef = E9C76C7D2227BFB200170FD7 /* LaunchScreen.storyboard */; };
		E9C76C872227C02400170FD7 /* CountyViewController.swift in Sources */ = {isa = PBXBuildFile; fileRef = E9C76C862227C02400170FD7 /* CountyViewController.swift */; };
		E9C76C892227C06000170FD7 /* CountyTableViewCell.swift in Sources */ = {isa = PBXBuildFile; fileRef = E9C76C882227C06000170FD7 /* CountyTableViewCell.swift */; };
		E9C76C8B2227C0C700170FD7 /* County.swift in Sources */ = {isa = PBXBuildFile; fileRef = E9C76C8A2227C0C700170FD7 /* County.swift */; };
		E9C76C8D2227C15400170FD7 /* CountyPresenter.swift in Sources */ = {isa = PBXBuildFile; fileRef = E9C76C8C2227C15400170FD7 /* CountyPresenter.swift */; };
		E9C76C912227C18E00170FD7 /* counties.json in Resources */ = {isa = PBXBuildFile; fileRef = E9C76C902227C18D00170FD7 /* counties.json */; };
/* End PBXBuildFile section */

/* Begin PBXFileReference section */
		E9849D252229504D001A3D78 /* CountyPresenterProtocol.swift */ = {isa = PBXFileReference; lastKnownFileType = sourcecode.swift; path = CountyPresenterProtocol.swift; sourceTree = "<group>"; };
		E9BC0DFB223A93FF005EBB86 /* CountyViewProtocol.swift */ = {isa = PBXFileReference; lastKnownFileType = sourcecode.swift; path = CountyViewProtocol.swift; sourceTree = "<group>"; };
		E9C76C712227BFB000170FD7 /* TVC_MVP.app */ = {isa = PBXFileReference; explicitFileType = wrapper.application; includeInIndex = 0; path = TVC_MVP.app; sourceTree = BUILT_PRODUCTS_DIR; };
		E9C76C742227BFB000170FD7 /* AppDelegate.swift */ = {isa = PBXFileReference; lastKnownFileType = sourcecode.swift; path = AppDelegate.swift; sourceTree = "<group>"; };
		E9C76C792227BFB000170FD7 /* Base */ = {isa = PBXFileReference; lastKnownFileType = file.storyboard; name = Base; path = Base.lproj/Main.storyboard; sourceTree = "<group>"; };
		E9C76C7B2227BFB200170FD7 /* Assets.xcassets */ = {isa = PBXFileReference; lastKnownFileType = folder.assetcatalog; path = Assets.xcassets; sourceTree = "<group>"; };
		E9C76C7E2227BFB200170FD7 /* Base */ = {isa = PBXFileReference; lastKnownFileType = file.storyboard; name = Base; path = Base.lproj/LaunchScreen.storyboard; sourceTree = "<group>"; };
		E9C76C802227BFB200170FD7 /* Info.plist */ = {isa = PBXFileReference; lastKnownFileType = text.plist.xml; path = Info.plist; sourceTree = "<group>"; };
		E9C76C862227C02400170FD7 /* CountyViewController.swift */ = {isa = PBXFileReference; lastKnownFileType = sourcecode.swift; path = CountyViewController.swift; sourceTree = "<group>"; };
		E9C76C882227C06000170FD7 /* CountyTableViewCell.swift */ = {isa = PBXFileReference; lastKnownFileType = sourcecode.swift; path = CountyTableViewCell.swift; sourceTree = "<group>"; };
		E9C76C8A2227C0C700170FD7 /* County.swift */ = {isa = PBXFileReference; lastKnownFileType = sourcecode.swift; path = County.swift; sourceTree = "<group>"; };
		E9C76C8C2227C15400170FD7 /* CountyPresenter.swift */ = {isa = PBXFileReference; lastKnownFileType = sourcecode.swift; path = CountyPresenter.swift; sourceTree = "<group>"; };
		E9C76C902227C18D00170FD7 /* counties.json */ = {isa = PBXFileReference; fileEncoding = 4; lastKnownFileType = text.json; path = counties.json; sourceTree = "<group>"; };
/* End PBXFileReference section */

/* Begin PBXFrameworksBuildPhase section */
		E9C76C6E2227BFB000170FD7 /* Frameworks */ = {
			isa = PBXFrameworksBuildPhase;
			buildActionMask = 2147483647;
			files = (
			);
			runOnlyForDeploymentPostprocessing = 0;
		};
/* End PBXFrameworksBuildPhase section */

/* Begin PBXGroup section */
		E9849D2322293686001A3D78 /* Supporting Files */ = {
			isa = PBXGroup;
			children = (
				E9C76C7B2227BFB200170FD7 /* Assets.xcassets */,
				E9C76C7D2227BFB200170FD7 /* LaunchScreen.storyboard */,
				E9C76C742227BFB000170FD7 /* AppDelegate.swift */,
			);
			path = "Supporting Files";
			sourceTree = "<group>";
		};
		E9849D242229369E001A3D78 /* County Storyboard */ = {
			isa = PBXGroup;
			children = (
				E9C76C782227BFB000170FD7 /* Main.storyboard */,
			);
			path = "County Storyboard";
			sourceTree = "<group>";
		};
		E9C76C682227BFB000170FD7 = {
			isa = PBXGroup;
			children = (
				E9C76C732227BFB000170FD7 /* TVC_MVP */,
				E9C76C722227BFB000170FD7 /* Products */,
			);
			sourceTree = "<group>";
		};
		E9C76C722227BFB000170FD7 /* Products */ = {
			isa = PBXGroup;
			children = (
				E9C76C712227BFB000170FD7 /* TVC_MVP.app */,
			);
			name = Products;
			sourceTree = "<group>";
		};
		E9C76C732227BFB000170FD7 /* TVC_MVP */ = {
			isa = PBXGroup;
			children = (
				E9849D242229369E001A3D78 /* County Storyboard */,
				E9C76C862227C02400170FD7 /* CountyViewController.swift */,
				E9BC0DFB223A93FF005EBB86 /* CountyViewProtocol.swift */,
				E9C76C8C2227C15400170FD7 /* CountyPresenter.swift */,
				E9849D252229504D001A3D78 /* CountyPresenterProtocol.swift */,
				E9C76C8A2227C0C700170FD7 /* County.swift */,
				E9C76C902227C18D00170FD7 /* counties.json */,
				E9C76C882227C06000170FD7 /* CountyTableViewCell.swift */,
				E9C76C802227BFB200170FD7 /* Info.plist */,
				E9849D2322293686001A3D78 /* Supporting Files */,
			);
			path = TVC_MVP;
			sourceTree = "<group>";
		};
/* End PBXGroup section */

/* Begin PBXNativeTarget section */
		E9C76C702227BFB000170FD7 /* TVC_MVP */ = {
			isa = PBXNativeTarget;
			buildConfigurationList = E9C76C832227BFB200170FD7 /* Build configuration list for PBXNativeTarget "TVC_MVP" */;
			buildPhases = (
				E9C76C6D2227BFB000170FD7 /* Sources */,
				E9C76C6E2227BFB000170FD7 /* Frameworks */,
				E9C76C6F2227BFB000170FD7 /* Resources */,
			);
			buildRules = (
			);
			dependencies = (
			);
			name = TVC_MVP;
			productName = TVC_MVP;
			productReference = E9C76C712227BFB000170FD7 /* TVC_MVP.app */;
			productType = "com.apple.product-type.application";
		};
/* End PBXNativeTarget section */

/* Begin PBXProject section */
		E9C76C692227BFB000170FD7 /* Project object */ = {
			isa = PBXProject;
			attributes = {
				LastSwiftUpdateCheck = 1010;
				LastUpgradeCheck = 1010;
				ORGANIZATIONNAME = "Shane McCully";
				TargetAttributes = {
					E9C76C702227BFB000170FD7 = {
						CreatedOnToolsVersion = 10.1;
					};
				};
			};
			buildConfigurationList = E9C76C6C2227BFB000170FD7 /* Build configuration list for PBXProject "TVC_MVP" */;
			compatibilityVersion = "Xcode 9.3";
			developmentRegion = en;
			hasScannedForEncodings = 0;
			knownRegions = (
				en,
				Base,
			);
			mainGroup = E9C76C682227BFB000170FD7;
			productRefGroup = E9C76C722227BFB000170FD7 /* Products */;
			projectDirPath = "";
			projectRoot = "";
			targets = (
				E9C76C702227BFB000170FD7 /* TVC_MVP */,
			);
		};
/* End PBXProject section */

/* Begin PBXResourcesBuildPhase section */
		E9C76C6F2227BFB000170FD7 /* Resources */ = {
			isa = PBXResourcesBuildPhase;
			buildActionMask = 2147483647;
			files = (
				E9C76C7F2227BFB200170FD7 /* LaunchScreen.storyboard in Resources */,
				E9C76C7C2227BFB200170FD7 /* Assets.xcassets in Resources */,
				E9C76C7A2227BFB000170FD7 /* Main.storyboard in Resources */,
				E9C76C912227C18E00170FD7 /* counties.json in Resources */,
			);
			runOnlyForDeploymentPostprocessing = 0;
		};
/* End PBXResourcesBuildPhase section */

/* Begin PBXSourcesBuildPhase section */
		E9C76C6D2227BFB000170FD7 /* Sources */ = {
			isa = PBXSourcesBuildPhase;
			buildActionMask = 2147483647;
			files = (
				E9C76C752227BFB000170FD7 /* AppDelegate.swift in Sources */,
				E9849D262229504D001A3D78 /* CountyPresenterProtocol.swift in Sources */,
				E9C76C8B2227C0C700170FD7 /* County.swift in Sources */,
				E9C76C8D2227C15400170FD7 /* CountyPresenter.swift in Sources */,
				E9BC0DFC223A9400005EBB86 /* CountyViewProtocol.swift in Sources */,
				E9C76C872227C02400170FD7 /* CountyViewController.swift in Sources */,
				E9C76C892227C06000170FD7 /* CountyTableViewCell.swift in Sources */,
			);
			runOnlyForDeploymentPostprocessing = 0;
		};
/* End PBXSourcesBuildPhase section */

/* Begin PBXVariantGroup section */
		E9C76C782227BFB000170FD7 /* Main.storyboard */ = {
			isa = PBXVariantGroup;
			children = (
				E9C76C792227BFB000170FD7 /* Base */,
			);
			name = Main.storyboard;
			sourceTree = "<group>";
		};
		E9C76C7D2227BFB200170FD7 /* LaunchScreen.storyboard */ = {
			isa = PBXVariantGroup;
			children = (
				E9C76C7E2227BFB200170FD7 /* Base */,
			);
			name = LaunchScreen.storyboard;
			sourceTree = "<group>";
		};
/* End PBXVariantGroup section */

/* Begin XCBuildConfiguration section */
		E9C76C812227BFB200170FD7 /* Debug */ = {
			isa = XCBuildConfiguration;
			buildSettings = {
				ALWAYS_SEARCH_USER_PATHS = NO;
				CLANG_ANALYZER_NONNULL = YES;
				CLANG_ANALYZER_NUMBER_OBJECT_CONVERSION = YES_AGGRESSIVE;
				CLANG_CXX_LANGUAGE_STANDARD = "gnu++14";
				CLANG_CXX_LIBRARY = "libc++";
				CLANG_ENABLE_MODULES = YES;
				CLANG_ENABLE_OBJC_ARC = YES;
				CLANG_ENABLE_OBJC_WEAK = YES;
				CLANG_WARN_BLOCK_CAPTURE_AUTORELEASING = YES;
				CLANG_WARN_BOOL_CONVERSION = YES;
				CLANG_WARN_COMMA = YES;
				CLANG_WARN_CONSTANT_CONVERSION = YES;
				CLANG_WARN_DEPRECATED_OBJC_IMPLEMENTATIONS = YES;
				CLANG_WARN_DIRECT_OBJC_ISA_USAGE = YES_ERROR;
				CLANG_WARN_DOCUMENTATION_COMMENTS = YES;
				CLANG_WARN_EMPTY_BODY = YES;
				CLANG_WARN_ENUM_CONVERSION = YES;
				CLANG_WARN_INFINITE_RECURSION = YES;
				CLANG_WARN_INT_CONVERSION = YES;
				CLANG_WARN_NON_LITERAL_NULL_CONVERSION = YES;
				CLANG_WARN_OBJC_IMPLICIT_RETAIN_SELF = YES;
				CLANG_WARN_OBJC_LITERAL_CONVERSION = YES;
				CLANG_WARN_OBJC_ROOT_CLASS = YES_ERROR;
				CLANG_WARN_RANGE_LOOP_ANALYSIS = YES;
				CLANG_WARN_STRICT_PROTOTYPES = YES;
				CLANG_WARN_SUSPICIOUS_MOVE = YES;
				CLANG_WARN_UNGUARDED_AVAILABILITY = YES_AGGRESSIVE;
				CLANG_WARN_UNREACHABLE_CODE = YES;
				CLANG_WARN__DUPLICATE_METHOD_MATCH = YES;
				CODE_SIGN_IDENTITY = "iPhone Developer";
				COPY_PHASE_STRIP = NO;
				DEBUG_INFORMATION_FORMAT = dwarf;
				ENABLE_STRICT_OBJC_MSGSEND = YES;
				ENABLE_TESTABILITY = YES;
				GCC_C_LANGUAGE_STANDARD = gnu11;
				GCC_DYNAMIC_NO_PIC = NO;
				GCC_NO_COMMON_BLOCKS = YES;
				GCC_OPTIMIZATION_LEVEL = 0;
				GCC_PREPROCESSOR_DEFINITIONS = (
					"DEBUG=1",
					"$(inherited)",
				);
				GCC_WARN_64_TO_32_BIT_CONVERSION = YES;
				GCC_WARN_ABOUT_RETURN_TYPE = YES_ERROR;
				GCC_WARN_UNDECLARED_SELECTOR = YES;
				GCC_WARN_UNINITIALIZED_AUTOS = YES_AGGRESSIVE;
				GCC_WARN_UNUSED_FUNCTION = YES;
				GCC_WARN_UNUSED_VARIABLE = YES;
				IPHONEOS_DEPLOYMENT_TARGET = 12.1;
				MTL_ENABLE_DEBUG_INFO = INCLUDE_SOURCE;
				MTL_FAST_MATH = YES;
				ONLY_ACTIVE_ARCH = YES;
				SDKROOT = iphoneos;
				SWIFT_ACTIVE_COMPILATION_CONDITIONS = DEBUG;
				SWIFT_OPTIMIZATION_LEVEL = "-Onone";
			};
			name = Debug;
		};
		E9C76C822227BFB200170FD7 /* Release */ = {
			isa = XCBuildConfiguration;
			buildSettings = {
				ALWAYS_SEARCH_USER_PATHS = NO;
				CLANG_ANALYZER_NONNULL = YES;
				CLANG_ANALYZER_NUMBER_OBJECT_CONVERSION = YES_AGGRESSIVE;
				CLANG_CXX_LANGUAGE_STANDARD = "gnu++14";
				CLANG_CXX_LIBRARY = "libc++";
				CLANG_ENABLE_MODULES = YES;
				CLANG_ENABLE_OBJC_ARC = YES;
				CLANG_ENABLE_OBJC_WEAK = YES;
				CLANG_WARN_BLOCK_CAPTURE_AUTORELEASING = YES;
				CLANG_WARN_BOOL_CONVERSION = YES;
				CLANG_WARN_COMMA = YES;
				CLANG_WARN_CONSTANT_CONVERSION = YES;
				CLANG_WARN_DEPRECATED_OBJC_IMPLEMENTATIONS = YES;
				CLANG_WARN_DIRECT_OBJC_ISA_USAGE = YES_ERROR;
				CLANG_WARN_DOCUMENTATION_COMMENTS = YES;
				CLANG_WARN_EMPTY_BODY = YES;
				CLANG_WARN_ENUM_CONVERSION = YES;
				CLANG_WARN_INFINITE_RECURSION = YES;
				CLANG_WARN_INT_CONVERSION = YES;
				CLANG_WARN_NON_LITERAL_NULL_CONVERSION = YES;
				CLANG_WARN_OBJC_IMPLICIT_RETAIN_SELF = YES;
				CLANG_WARN_OBJC_LITERAL_CONVERSION = YES;
				CLANG_WARN_OBJC_ROOT_CLASS = YES_ERROR;
				CLANG_WARN_RANGE_LOOP_ANALYSIS = YES;
				CLANG_WARN_STRICT_PROTOTYPES = YES;
				CLANG_WARN_SUSPICIOUS_MOVE = YES;
				CLANG_WARN_UNGUARDED_AVAILABILITY = YES_AGGRESSIVE;
				CLANG_WARN_UNREACHABLE_CODE = YES;
				CLANG_WARN__DUPLICATE_METHOD_MATCH = YES;
				CODE_SIGN_IDENTITY = "iPhone Developer";
				COPY_PHASE_STRIP = NO;
				DEBUG_INFORMATION_FORMAT = "dwarf-with-dsym";
				ENABLE_NS_ASSERTIONS = NO;
				ENABLE_STRICT_OBJC_MSGSEND = YES;
				GCC_C_LANGUAGE_STANDARD = gnu11;
				GCC_NO_COMMON_BLOCKS = YES;
				GCC_WARN_64_TO_32_BIT_CONVERSION = YES;
				GCC_WARN_ABOUT_RETURN_TYPE = YES_ERROR;
				GCC_WARN_UNDECLARED_SELECTOR = YES;
				GCC_WARN_UNINITIALIZED_AUTOS = YES_AGGRESSIVE;
				GCC_WARN_UNUSED_FUNCTION = YES;
				GCC_WARN_UNUSED_VARIABLE = YES;
				IPHONEOS_DEPLOYMENT_TARGET = 12.1;
				MTL_ENABLE_DEBUG_INFO = NO;
				MTL_FAST_MATH = YES;
				SDKROOT = iphoneos;
				SWIFT_COMPILATION_MODE = wholemodule;
				SWIFT_OPTIMIZATION_LEVEL = "-O";
				VALIDATE_PRODUCT = YES;
			};
			name = Release;
		};
		E9C76C842227BFB200170FD7 /* Debug */ = {
			isa = XCBuildConfiguration;
			buildSettings = {
				ASSETCATALOG_COMPILER_APPICON_NAME = AppIcon;
				CODE_SIGN_STYLE = Automatic;
				DEVELOPMENT_TEAM = JU3XA434NH;
				INFOPLIST_FILE = TVC_MVP/Info.plist;
				IPHONEOS_DEPLOYMENT_TARGET = 12.0;
				LD_RUNPATH_SEARCH_PATHS = (
					"$(inherited)",
					"@executable_path/Frameworks",
				);
				PRODUCT_BUNDLE_IDENTIFIER = "setup.TVC-MVP";
				PRODUCT_NAME = "$(TARGET_NAME)";
				SWIFT_VERSION = 4.2;
				TARGETED_DEVICE_FAMILY = "1,2";
			};
			name = Debug;
		};
		E9C76C852227BFB200170FD7 /* Release */ = {
			isa = XCBuildConfiguration;
			buildSettings = {
				ASSETCATALOG_COMPILER_APPICON_NAME = AppIcon;
				CODE_SIGN_STYLE = Automatic;
				DEVELOPMENT_TEAM = JU3XA434NH;
				INFOPLIST_FILE = TVC_MVP/Info.plist;
				IPHONEOS_DEPLOYMENT_TARGET = 12.0;
				LD_RUNPATH_SEARCH_PATHS = (
					"$(inherited)",
					"@executable_path/Frameworks",
				);
				PRODUCT_BUNDLE_IDENTIFIER = "setup.TVC-MVP";
				PRODUCT_NAME = "$(TARGET_NAME)";
				SWIFT_VERSION = 4.2;
				TARGETED_DEVICE_FAMILY = "1,2";
			};
			name = Release;
		};
/* End XCBuildConfiguration section */

/* Begin XCConfigurationList section */
		E9C76C6C2227BFB000170FD7 /* Build configuration list for PBXProject "TVC_MVP" */ = {
			isa = XCConfigurationList;
			buildConfigurations = (
				E9C76C812227BFB200170FD7 /* Debug */,
				E9C76C822227BFB200170FD7 /* Release */,
			);
			defaultConfigurationIsVisible = 0;
			defaultConfigurationName = Release;
		};
		E9C76C832227BFB200170FD7 /* Build configuration list for PBXNativeTarget "TVC_MVP" */ = {
			isa = XCConfigurationList;
			buildConfigurations = (
				E9C76C842227BFB200170FD7 /* Debug */,
				E9C76C852227BFB200170FD7 /* Release */,
			);
			defaultConfigurationIsVisible = 0;
			defaultConfigurationName = Release;
		};
/* End XCConfigurationList section */
	};
	rootObject = E9C76C692227BFB000170FD7 /* Project object */;
}
